{
  "name": "sprint-go-backend",
  "version": "1.0.0",
  "lockfileVersion": 3,
  "requires": true,
  "packages": {
    "": {
      "name": "sprint-go-backend",
      "version": "1.0.0",
      "license": "ISC",
      "dependencies": {
        "@vidterra/misb.js": "^0.1.29",
        "klv": "^0.0.7"
      }
    },
    "node_modules/@vidterra/misb.js": {
      "version": "0.1.29",
      "resolved": "https://registry.npmjs.org/@vidterra/misb.js/-/misb.js-0.1.29.tgz",
      "integrity": "sha512-y/4MWTMKIZso2UpKhxkSJxVIad2wdIWbnlGNV7KtbjMiClzHtYB4lfJoK218+e/LE/b9YJ9gdO6k7kpSpFNpjA=="
    },
    "node_modules/klv": {
      "version": "0.0.7",
      "resolved": "https://registry.npmjs.org/klv/-/klv-0.0.7.tgz",
      "integrity": "sha512-nHeiFizepVwG7A8KcXjiyR9kLTJbnl1xvhL0M8qf6bFO1w+G5wA0qHvlyjYf23dviLwvnJ8Wdp73yUjt6wCVyA==",
      "engines": {
        "node": ">=0.8"
      }
    }
  }
}
